# This file is autogenerated, do not edit; changes may be undone by the next 'dep ensure'.


[[projects]]
  name = "github.com/eclipse/paho.mqtt.golang"
  packages = [".","packets"]
  revision = "aff15770515e3c57fc6109da73d42b0d46f7f483"
  version = "v1.1.0"

[[projects]]
  branch = "master"
  name = "github.com/hashicorp/hcl"
  packages = [".","hcl/ast","hcl/parser","hcl/scanner","hcl/strconv","hcl/token","json/parser","json/scanner","json/token"]
  revision = "8f6b1344a92ff8877cf24a5de9177bf7d0a2a187"

[[projects]]
  branch = "master"
  name = "github.com/hemtjanst/hemtjanst"
  packages = ["device","messaging","messaging/flagmqtt"]
  revision = "2054fc1d6b34ef788aa23f1968936f1480e60ff3"

[[projects]]
  name = "github.com/satori/go.uuid"
  packages = ["."]
  revision = "879c5887cd475cd7864858769793b2ceb0d44feb"
  version = "v1.1.0"

[[projects]]
  name = "github.com/stianeikeland/go-rpio"
  packages = ["."]
  revision = "896db2ee1c7f95240dd6a09e56edf9cece107a34"
  version = "v3.0.0"

[[projects]]
  branch = "master"
  name = "golang.org/x/net"
  packages = ["proxy","websocket"]
  revision = "57efc9c3d9f91fb3277f8da1cff370539c4d3dc5"

[solve-meta]
  analyzer-name = "dep"
  analyzer-version = 1
  inputs-digest = "6df81ceed98c6d4f50af1e808bf5a5ff4063a5fab182ea5fba26aa1da3bbaac9"
  solver-name = "gps-cdcl"
  solver-version = 1
